
Microsoft Visual Studio Solution File, Format Version 12.00
# Visual Studio 15
VisualStudioVersion = 15.0.28307.1267
MinimumVisualStudioVersion = 10.0.40219.1
Project("{8BC9CEB8-8B4A-11D0-8D11-00A0C91BC942}") = "MPI_Hiperkub", "MPI_Hiperkub\MPI_Hiperkub.vcxproj", "{E57FAB18-CF11-4D21-A7CE-C2B03AB57C7B}"
EndProject
Global
	GlobalSection(SolutionConfigurationPlatforms) = preSolution
		Debug|x64 = Debug|x64
		Debug|x86 = Debug|x86
		Release|x64 = Release|x64
		Release|x86 = Release|x86
	EndGlobalSection
	GlobalSection(ProjectConfigurationPlatforms) = postSolution
		{E57FAB18-CF11-4D21-A7CE-C2B03AB57C7B}.Debug|x64.ActiveCfg = Debug|x64
		{E57FAB18-CF11-4D21-A7CE-C2B03AB57C7B}.Debug|x64.Build.0 = Debug|x64
		{E57FAB18-CF11-4D21-A7CE-C2B03AB57C7B}.Debug|x86.ActiveCfg = Debug|Win32
		{E57FAB18-CF11-4D21-A7CE-C2B03AB57C7B}.Debug|x86.Build.0 = Debug|Win32
		{E57FAB18-CF11-4D21-A7CE-C2B03AB57C7B}.Release|x64.ActiveCfg = Release|x64
		{E57FAB18-CF11-4D21-A7CE-C2B03AB57C7B}.Release|x64.Build.0 = Release|x64
		{E57FAB18-CF11-4D21-A7CE-C2B03AB57C7B}.Release|x86.ActiveCfg = Release|Win32
		{E57FAB18-CF11-4D21-A7CE-C2B03AB57C7B}.Release|x86.Build.0 = Release|Win32
	EndGlobalSection
	GlobalSection(SolutionProperties) = preSolution
		HideSolutionNode = FALSE
	EndGlobalSection
	GlobalSection(ExtensibilityGlobals) = postSolution
		SolutionGuid = {6FE52CEA-4641-41DC-A209-0F89CE715BAF}
	EndGlobalSection
EndGlobal
