
Microsoft Visual Studio Solution File, Format Version 12.00
# Visual Studio Version 16
VisualStudioVersion = 16.0.30907.101
MinimumVisualStudioVersion = 10.0.40219.1
Project("{8BC9CEB8-8B4A-11D0-8D11-00A0C91BC942}") = "Test", "Test\Test.vcxproj", "{BBDAF0E1-D5AA-4ED3-B1E0-DA99B78DB576}"
EndProject
Global
	GlobalSection(SolutionConfigurationPlatforms) = preSolution
		Debug|x64 = Debug|x64
		Debug|x86 = Debug|x86
		Release|x64 = Release|x64
		Release|x86 = Release|x86
	EndGlobalSection
	GlobalSection(ProjectConfigurationPlatforms) = postSolution
		{BBDAF0E1-D5AA-4ED3-B1E0-DA99B78DB576}.Debug|x64.ActiveCfg = Debug|x64
		{BBDAF0E1-D5AA-4ED3-B1E0-DA99B78DB576}.Debug|x64.Build.0 = Debug|x64
		{BBDAF0E1-D5AA-4ED3-B1E0-DA99B78DB576}.Debug|x86.ActiveCfg = Debug|Win32
		{BBDAF0E1-D5AA-4ED3-B1E0-DA99B78DB576}.Debug|x86.Build.0 = Debug|Win32
		{BBDAF0E1-D5AA-4ED3-B1E0-DA99B78DB576}.Release|x64.ActiveCfg = Release|x64
		{BBDAF0E1-D5AA-4ED3-B1E0-DA99B78DB576}.Release|x64.Build.0 = Release|x64
		{BBDAF0E1-D5AA-4ED3-B1E0-DA99B78DB576}.Release|x86.ActiveCfg = Release|Win32
		{BBDAF0E1-D5AA-4ED3-B1E0-DA99B78DB576}.Release|x86.Build.0 = Release|Win32
	EndGlobalSection
	GlobalSection(SolutionProperties) = preSolution
		HideSolutionNode = FALSE
	EndGlobalSection
	GlobalSection(ExtensibilityGlobals) = postSolution
		SolutionGuid = {C71F30F4-A60C-4C48-95A4-E1EA5928198A}
	EndGlobalSection
EndGlobal
